
Microsoft Visual Studio Solution File, Format Version 12.00
# Visual Studio Version 16
VisualStudioVersion = 16.0.30114.105
MinimumVisualStudioVersion = 10.0.40219.1
Project("{FAE04EC0-301F-11D3-BF4B-00C04F79EFBC}") = "Sales", "Sales\Sales.csproj", "{0592A2E3-9A46-46B6-98AC-E824FDA44B30}"
EndProject
Project("{FAE04EC0-301F-11D3-BF4B-00C04F79EFBC}") = "Sales.Tests", "Sales.Tests\Sales.Tests.csproj", "{DAE79E03-B582-4E85-8DC9-73134ED316A6}"
EndProject
Project("{FAE04EC0-301F-11D3-BF4B-00C04F79EFBC}") = "Sales.Domain", "Sales.Domain\Sales.Domain.csproj", "{CCB18112-97B3-4B71-876C-973704B52851}"
EndProject
Project("{FAE04EC0-301F-11D3-BF4B-00C04F79EFBC}") = "Sales.Infra", "Sales.Infra\Sales.Infra.csproj", "{2FC383B1-1C2F-4ABB-AAA8-F04A4999BE6F}"
EndProject
Project("{FAE04EC0-301F-11D3-BF4B-00C04F79EFBC}") = "Sales.Services", "Sales.Services\Sales.Services.csproj", "{B31052B2-22B2-430F-BDF7-731F99D0C770}"
EndProject
Global
	GlobalSection(SolutionConfigurationPlatforms) = preSolution
		Debug|Any CPU = Debug|Any CPU
		Release|Any CPU = Release|Any CPU
	EndGlobalSection
	GlobalSection(ProjectConfigurationPlatforms) = postSolution
		{0592A2E3-9A46-46B6-98AC-E824FDA44B30}.Debug|Any CPU.ActiveCfg = Debug|Any CPU
		{0592A2E3-9A46-46B6-98AC-E824FDA44B30}.Debug|Any CPU.Build.0 = Debug|Any CPU
		{0592A2E3-9A46-46B6-98AC-E824FDA44B30}.Release|Any CPU.ActiveCfg = Release|Any CPU
		{0592A2E3-9A46-46B6-98AC-E824FDA44B30}.Release|Any CPU.Build.0 = Release|Any CPU
		{DAE79E03-B582-4E85-8DC9-73134ED316A6}.Debug|Any CPU.ActiveCfg = Debug|Any CPU
		{DAE79E03-B582-4E85-8DC9-73134ED316A6}.Debug|Any CPU.Build.0 = Debug|Any CPU
		{DAE79E03-B582-4E85-8DC9-73134ED316A6}.Release|Any CPU.ActiveCfg = Release|Any CPU
		{DAE79E03-B582-4E85-8DC9-73134ED316A6}.Release|Any CPU.Build.0 = Release|Any CPU
		{CCB18112-97B3-4B71-876C-973704B52851}.Debug|Any CPU.ActiveCfg = Debug|Any CPU
		{CCB18112-97B3-4B71-876C-973704B52851}.Debug|Any CPU.Build.0 = Debug|Any CPU
		{CCB18112-97B3-4B71-876C-973704B52851}.Release|Any CPU.ActiveCfg = Release|Any CPU
		{CCB18112-97B3-4B71-876C-973704B52851}.Release|Any CPU.Build.0 = Release|Any CPU
		{2FC383B1-1C2F-4ABB-AAA8-F04A4999BE6F}.Debug|Any CPU.ActiveCfg = Debug|Any CPU
		{2FC383B1-1C2F-4ABB-AAA8-F04A4999BE6F}.Debug|Any CPU.Build.0 = Debug|Any CPU
		{2FC383B1-1C2F-4ABB-AAA8-F04A4999BE6F}.Release|Any CPU.ActiveCfg = Release|Any CPU
		{2FC383B1-1C2F-4ABB-AAA8-F04A4999BE6F}.Release|Any CPU.Build.0 = Release|Any CPU
		{B31052B2-22B2-430F-BDF7-731F99D0C770}.Debug|Any CPU.ActiveCfg = Debug|Any CPU
		{B31052B2-22B2-430F-BDF7-731F99D0C770}.Debug|Any CPU.Build.0 = Debug|Any CPU
		{B31052B2-22B2-430F-BDF7-731F99D0C770}.Release|Any CPU.ActiveCfg = Release|Any CPU
		{B31052B2-22B2-430F-BDF7-731F99D0C770}.Release|Any CPU.Build.0 = Release|Any CPU
	EndGlobalSection
	GlobalSection(SolutionProperties) = preSolution
		HideSolutionNode = FALSE
	EndGlobalSection
	GlobalSection(ExtensibilityGlobals) = postSolution
		SolutionGuid = {83AB51CC-F778-4D6E-B603-3B03A50A8C82}
	EndGlobalSection
EndGlobal
